
Microsoft Visual Studio Solution File, Format Version 12.00
# Visual Studio Version 17
VisualStudioVersion = 17.0.32014.148
MinimumVisualStudioVersion = 10.0.40219.1
Project("{9A19103F-16F7-4668-BE54-9A1E7A4F7556}") = "MyApp", "MyApp\MyApp.csproj", "{DB0DD847-ED22-44A8-8434-2A611E0E5AEA}"
EndProject
Project("{FAE04EC0-301F-11D3-BF4B-00C04F79EFBC}") = "Trapezoid", "Trapezoid\Trapezoid.csproj", "{6AE0ACAA-2615-4BC1-927F-3BC53EAA7D33}"
EndProject
Global
	GlobalSection(SolutionConfigurationPlatforms) = preSolution
		Debug|Any CPU = Debug|Any CPU
		Release|Any CPU = Release|Any CPU
	EndGlobalSection
	GlobalSection(ProjectConfigurationPlatforms) = postSolution
		{DB0DD847-ED22-44A8-8434-2A611E0E5AEA}.Debug|Any CPU.ActiveCfg = Debug|Any CPU
		{DB0DD847-ED22-44A8-8434-2A611E0E5AEA}.Debug|Any CPU.Build.0 = Debug|Any CPU
		{DB0DD847-ED22-44A8-8434-2A611E0E5AEA}.Release|Any CPU.ActiveCfg = Release|Any CPU
		{DB0DD847-ED22-44A8-8434-2A611E0E5AEA}.Release|Any CPU.Build.0 = Release|Any CPU
		{6AE0ACAA-2615-4BC1-927F-3BC53EAA7D33}.Debug|Any CPU.ActiveCfg = Debug|Any CPU
		{6AE0ACAA-2615-4BC1-927F-3BC53EAA7D33}.Debug|Any CPU.Build.0 = Debug|Any CPU
		{6AE0ACAA-2615-4BC1-927F-3BC53EAA7D33}.Release|Any CPU.ActiveCfg = Release|Any CPU
		{6AE0ACAA-2615-4BC1-927F-3BC53EAA7D33}.Release|Any CPU.Build.0 = Release|Any CPU
	EndGlobalSection
	GlobalSection(SolutionProperties) = preSolution
		HideSolutionNode = FALSE
	EndGlobalSection
	GlobalSection(ExtensibilityGlobals) = postSolution
		SolutionGuid = {C43B4820-DEDB-4149-864C-9F4DF24852FA}
	EndGlobalSection
EndGlobal
